
Microsoft Visual Studio Solution File, Format Version 12.00
# Visual Studio Version 17
VisualStudioVersion = 17.11.35327.3
MinimumVisualStudioVersion = 10.0.40219.1
Project("{9A19103F-16F7-4668-BE54-9A1E7A4F7556}") = "RandomApp.Server.Api", "RandomApp\RandomApp.Server.Api.csproj", "{EDF127DF-2383-4EF5-A411-26D6C74CCDF8}"
EndProject
Project("{2150E333-8FDC-42A3-9474-1A3956D46DE8}") = "ProductManagement", "ProductManagement", "{570DEA5D-5223-4746-A095-C96C49511E33}"
EndProject
Project("{9A19103F-16F7-4668-BE54-9A1E7A4F7556}") = "RandomApp.ProductManagement.Application", "ProductManagement.API\RandomApp.ProductManagement.Application.csproj", "{F6912950-D1B1-4A41-8BE5-281DA45B95EC}"
EndProject
Project("{9A19103F-16F7-4668-BE54-9A1E7A4F7556}") = "RandomApp.ProductManagement.Domain", "ProductManagement.Domain\RandomApp.ProductManagement.Domain.csproj", "{4C47ECA3-9972-42D9-89B6-BB448ECBC956}"
EndProject
Project("{9A19103F-16F7-4668-BE54-9A1E7A4F7556}") = "RandomApp.ProductManagement.Infrastructure", "ProductManagement.Infrastructure\RandomApp.ProductManagement.Infrastructure.csproj", "{59C33A88-94CA-489B-8947-FE92FAA96F62}"
EndProject
Project("{2150E333-8FDC-42A3-9474-1A3956D46DE8}") = "Common", "Common", "{44EDAC1B-201C-4BDE-8E60-B65482D04CE7}"
EndProject
Project("{9A19103F-16F7-4668-BE54-9A1E7A4F7556}") = "Common.Shared", "Common.Infrastructure\Common.Shared.csproj", "{F790A2C2-16E0-4689-B94D-7E61FE97C08B}"
EndProject
Project("{2150E333-8FDC-42A3-9474-1A3956D46DE8}") = "Server", "Server", "{EDCFA3CF-1DC6-4375-ACCE-884F21637D73}"
EndProject
Project("{9A19103F-16F7-4668-BE54-9A1E7A4F7556}") = "RandomApp.Server.Authentication", "RandomApp.Server.Authentication\RandomApp.Server.Authentication.csproj", "{7ABDA541-2062-40E1-8504-8BF4EF68E078}"
EndProject
Project("{2150E333-8FDC-42A3-9474-1A3956D46DE8}") = "Frontend", "Frontend", "{C97CE7D4-3446-407C-986F-317315A11C2D}"
EndProject
Project("{9A19103F-16F7-4668-BE54-9A1E7A4F7556}") = "RandomApp.Web.Client", "RandomApp.Web.Client\RandomApp.Web.Client.csproj", "{C5C02E52-58A4-4FED-B240-E896AC8016DD}"
EndProject
Project("{9A19103F-16F7-4668-BE54-9A1E7A4F7556}") = "RandomApp.Web.Blazor", "RandomApp.Web.Blazor\RandomApp.Web.Blazor.csproj", "{8184AB84-8BDD-431B-8B76-F000A8D1498F}"
EndProject
Global
	GlobalSection(SolutionConfigurationPlatforms) = preSolution
		Debug|Any CPU = Debug|Any CPU
		Release|Any CPU = Release|Any CPU
	EndGlobalSection
	GlobalSection(ProjectConfigurationPlatforms) = postSolution
		{EDF127DF-2383-4EF5-A411-26D6C74CCDF8}.Debug|Any CPU.ActiveCfg = Debug|Any CPU
		{EDF127DF-2383-4EF5-A411-26D6C74CCDF8}.Debug|Any CPU.Build.0 = Debug|Any CPU
		{EDF127DF-2383-4EF5-A411-26D6C74CCDF8}.Release|Any CPU.ActiveCfg = Release|Any CPU
		{EDF127DF-2383-4EF5-A411-26D6C74CCDF8}.Release|Any CPU.Build.0 = Release|Any CPU
		{F6912950-D1B1-4A41-8BE5-281DA45B95EC}.Debug|Any CPU.ActiveCfg = Debug|Any CPU
		{F6912950-D1B1-4A41-8BE5-281DA45B95EC}.Debug|Any CPU.Build.0 = Debug|Any CPU
		{F6912950-D1B1-4A41-8BE5-281DA45B95EC}.Release|Any CPU.ActiveCfg = Release|Any CPU
		{F6912950-D1B1-4A41-8BE5-281DA45B95EC}.Release|Any CPU.Build.0 = Release|Any CPU
		{4C47ECA3-9972-42D9-89B6-BB448ECBC956}.Debug|Any CPU.ActiveCfg = Debug|Any CPU
		{4C47ECA3-9972-42D9-89B6-BB448ECBC956}.Debug|Any CPU.Build.0 = Debug|Any CPU
		{4C47ECA3-9972-42D9-89B6-BB448ECBC956}.Release|Any CPU.ActiveCfg = Release|Any CPU
		{4C47ECA3-9972-42D9-89B6-BB448ECBC956}.Release|Any CPU.Build.0 = Release|Any CPU
		{59C33A88-94CA-489B-8947-FE92FAA96F62}.Debug|Any CPU.ActiveCfg = Debug|Any CPU
		{59C33A88-94CA-489B-8947-FE92FAA96F62}.Debug|Any CPU.Build.0 = Debug|Any CPU
		{59C33A88-94CA-489B-8947-FE92FAA96F62}.Release|Any CPU.ActiveCfg = Release|Any CPU
		{59C33A88-94CA-489B-8947-FE92FAA96F62}.Release|Any CPU.Build.0 = Release|Any CPU
		{F790A2C2-16E0-4689-B94D-7E61FE97C08B}.Debug|Any CPU.ActiveCfg = Debug|Any CPU
		{F790A2C2-16E0-4689-B94D-7E61FE97C08B}.Debug|Any CPU.Build.0 = Debug|Any CPU
		{F790A2C2-16E0-4689-B94D-7E61FE97C08B}.Release|Any CPU.ActiveCfg = Release|Any CPU
		{F790A2C2-16E0-4689-B94D-7E61FE97C08B}.Release|Any CPU.Build.0 = Release|Any CPU
		{7ABDA541-2062-40E1-8504-8BF4EF68E078}.Debug|Any CPU.ActiveCfg = Debug|Any CPU
		{7ABDA541-2062-40E1-8504-8BF4EF68E078}.Debug|Any CPU.Build.0 = Debug|Any CPU
		{7ABDA541-2062-40E1-8504-8BF4EF68E078}.Release|Any CPU.ActiveCfg = Release|Any CPU
		{7ABDA541-2062-40E1-8504-8BF4EF68E078}.Release|Any CPU.Build.0 = Release|Any CPU
		{C5C02E52-58A4-4FED-B240-E896AC8016DD}.Debug|Any CPU.ActiveCfg = Debug|Any CPU
		{C5C02E52-58A4-4FED-B240-E896AC8016DD}.Debug|Any CPU.Build.0 = Debug|Any CPU
		{C5C02E52-58A4-4FED-B240-E896AC8016DD}.Release|Any CPU.ActiveCfg = Release|Any CPU
		{C5C02E52-58A4-4FED-B240-E896AC8016DD}.Release|Any CPU.Build.0 = Release|Any CPU
		{8184AB84-8BDD-431B-8B76-F000A8D1498F}.Debug|Any CPU.ActiveCfg = Debug|Any CPU
		{8184AB84-8BDD-431B-8B76-F000A8D1498F}.Debug|Any CPU.Build.0 = Debug|Any CPU
		{8184AB84-8BDD-431B-8B76-F000A8D1498F}.Release|Any CPU.ActiveCfg = Release|Any CPU
		{8184AB84-8BDD-431B-8B76-F000A8D1498F}.Release|Any CPU.Build.0 = Release|Any CPU
	EndGlobalSection
	GlobalSection(SolutionProperties) = preSolution
		HideSolutionNode = FALSE
	EndGlobalSection
	GlobalSection(NestedProjects) = preSolution
		{EDF127DF-2383-4EF5-A411-26D6C74CCDF8} = {EDCFA3CF-1DC6-4375-ACCE-884F21637D73}
		{F6912950-D1B1-4A41-8BE5-281DA45B95EC} = {570DEA5D-5223-4746-A095-C96C49511E33}
		{4C47ECA3-9972-42D9-89B6-BB448ECBC956} = {570DEA5D-5223-4746-A095-C96C49511E33}
		{59C33A88-94CA-489B-8947-FE92FAA96F62} = {570DEA5D-5223-4746-A095-C96C49511E33}
		{F790A2C2-16E0-4689-B94D-7E61FE97C08B} = {44EDAC1B-201C-4BDE-8E60-B65482D04CE7}
		{7ABDA541-2062-40E1-8504-8BF4EF68E078} = {EDCFA3CF-1DC6-4375-ACCE-884F21637D73}
		{C5C02E52-58A4-4FED-B240-E896AC8016DD} = {C97CE7D4-3446-407C-986F-317315A11C2D}
		{8184AB84-8BDD-431B-8B76-F000A8D1498F} = {C97CE7D4-3446-407C-986F-317315A11C2D}
	EndGlobalSection
	GlobalSection(ExtensibilityGlobals) = postSolution
		SolutionGuid = {254C33DF-E3C6-4F06-8D98-56E4B1382857}
	EndGlobalSection
EndGlobal
